// !$*UTF8*$!
{
	archiveVersion = 1;
	classes = {
	};
	objectVersion = 46;
	objects = {

/* Begin PBXBuildFile section */
		842C4D31198AD5EF003CE998 /* BeamMusicPlayerTransparentToolbar.m in Sources */ = {isa = PBXBuildFile; fileRef = 842C4D30198AD5EF003CE998 /* BeamMusicPlayerTransparentToolbar.m */; };
		842C4D35198AD717003CE998 /* main.m in Sources */ = {isa = PBXBuildFile; fileRef = 842C4D34198AD717003CE998 /* main.m */; };
		842C4D3A198AD779003CE998 /* Default_2x.png in Resources */ = {isa = PBXBuildFile; fileRef = 842C4D37198AD779003CE998 /* Default_2x.png */; };
		842C4D3B198AD779003CE998 /* Default.png in Resources */ = {isa = PBXBuildFile; fileRef = 842C4D38198AD779003CE998 /* Default.png */; };
		842C4D3C198AD779003CE998 /* Default-568h_2x.png in Resources */ = {isa = PBXBuildFile; fileRef = 842C4D39198AD779003CE998 /* Default-568h_2x.png */; };
		842C4E3D198AE0D6003CE998 /* ancientArch.png in Resources */ = {isa = PBXBuildFile; fileRef = 842C4DE7198AE0D6003CE998 /* ancientArch.png */; };
		842C4E3E198AE0D6003CE998 /* ancientArch@2x.png in Resources */ = {isa = PBXBuildFile; fileRef = 842C4DE8198AE0D6003CE998 /* ancientArch@2x.png */; };
		842C4E3F198AE0D6003CE998 /* ancientBackground.png in Resources */ = {isa = PBXBuildFile; fileRef = 842C4DE9198AE0D6003CE998 /* ancientBackground.png */; };
		842C4E40198AE0D6003CE998 /* ancientBackground@2x.png in Resources */ = {isa = PBXBuildFile; fileRef = 842C4DEA198AE0D6003CE998 /* ancientBackground@2x.png */; };
		842C4E41198AE0D6003CE998 /* ancientCenter.png in Resources */ = {isa = PBXBuildFile; fileRef = 842C4DEB198AE0D6003CE998 /* ancientCenter.png */; };
		842C4E42198AE0D6003CE998 /* ancientCenter@2x.png in Resources */ = {isa = PBXBuildFile; fileRef = 842C4DEC198AE0D6003CE998 /* ancientCenter@2x.png */; };
		842C4E43198AE0D6003CE998 /* ancientDivider.png in Resources */ = {isa = PBXBuildFile; fileRef = 842C4DED198AE0D6003CE998 /* ancientDivider.png */; };
		842C4E44198AE0D6003CE998 /* ancientDivider@2x.png in Resources */ = {isa = PBXBuildFile; fileRef = 842C4DEE198AE0D6003CE998 /* ancientDivider@2x.png */; };
		842C4E45198AE0D6003CE998 /* ancientIcon0.png in Resources */ = {isa = PBXBuildFile; fileRef = 842C4DF0198AE0D6003CE998 /* ancientIcon0.png */; };
		842C4E46198AE0D6003CE998 /* ancientIcon0@2x.png in Resources */ = {isa = PBXBuildFile; fileRef = 842C4DF1198AE0D6003CE998 /* ancientIcon0@2x.png */; };
		842C4E47198AE0D6003CE998 /* ancientIcon1.png in Resources */ = {isa = PBXBuildFile; fileRef = 842C4DF2198AE0D6003CE998 /* ancientIcon1.png */; };
		842C4E48198AE0D6003CE998 /* ancientIcon1@2x.png in Resources */ = {isa = PBXBuildFile; fileRef = 842C4DF3198AE0D6003CE998 /* ancientIcon1@2x.png */; };
		842C4E49198AE0D6003CE998 /* ancientIcon2.png in Resources */ = {isa = PBXBuildFile; fileRef = 842C4DF4198AE0D6003CE998 /* ancientIcon2.png */; };
		842C4E4A198AE0D6003CE998 /* ancientIcon2@2x.png in Resources */ = {isa = PBXBuildFile; fileRef = 842C4DF5198AE0D6003CE998 /* ancientIcon2@2x.png */; };
		842C4E4B198AE0D6003CE998 /* ancientIcon3.png in Resources */ = {isa = PBXBuildFile; fileRef = 842C4DF6198AE0D6003CE998 /* ancientIcon3.png */; };
		842C4E4C198AE0D6003CE998 /* ancientIcon3@2x.png in Resources */ = {isa = PBXBuildFile; fileRef = 842C4DF7198AE0D6003CE998 /* ancientIcon3@2x.png */; };
		842C4E4D198AE0D6003CE998 /* ancientIcon4.png in Resources */ = {isa = PBXBuildFile; fileRef = 842C4DF8198AE0D6003CE998 /* ancientIcon4.png */; };
		842C4E4E198AE0D6003CE998 /* ancientIcon4@2x.png in Resources */ = {isa = PBXBuildFile; fileRef = 842C4DF9198AE0D6003CE998 /* ancientIcon4@2x.png */; };
		842C4E4F198AE0D6003CE998 /* ancientIcon5.png in Resources */ = {isa = PBXBuildFile; fileRef = 842C4DFA198AE0D6003CE998 /* ancientIcon5.png */; };
		842C4E50198AE0D6003CE998 /* ancientIcon5@2x.png in Resources */ = {isa = PBXBuildFile; fileRef = 842C4DFB198AE0D6003CE998 /* ancientIcon5@2x.png */; };
		842C4E51198AE0D6003CE998 /* ancientIcon6.png in Resources */ = {isa = PBXBuildFile; fileRef = 842C4DFC198AE0D6003CE998 /* ancientIcon6.png */; };
		842C4E52198AE0D6003CE998 /* ancientIcon6@2x.png in Resources */ = {isa = PBXBuildFile; fileRef = 842C4DFD198AE0D6003CE998 /* ancientIcon6@2x.png */; };
		842C4E53198AE0D6003CE998 /* blueArch.png in Resources */ = {isa = PBXBuildFile; fileRef = 842C4DFF198AE0D6003CE998 /* blueArch.png */; };
		842C4E54198AE0D6003CE998 /* blueArch@2x.png in Resources */ = {isa = PBXBuildFile; fileRef = 842C4E00198AE0D6003CE998 /* blueArch@2x.png */; };
		842C4E55198AE0D6003CE998 /* blueBackground.png in Resources */ = {isa = PBXBuildFile; fileRef = 842C4E01198AE0D6003CE998 /* blueBackground.png */; };
		842C4E56198AE0D6003CE998 /* blueBackground@2x.png in Resources */ = {isa = PBXBuildFile; fileRef = 842C4E02198AE0D6003CE998 /* blueBackground@2x.png */; };
		842C4E57198AE0D6003CE998 /* blueCenter.png in Resources */ = {isa = PBXBuildFile; fileRef = 842C4E03198AE0D6003CE998 /* blueCenter.png */; };
		842C4E58198AE0D6003CE998 /* blueCenter@2x.png in Resources */ = {isa = PBXBuildFile; fileRef = 842C4E04198AE0D6003CE998 /* blueCenter@2x.png */; };
		842C4E59198AE0D6003CE998 /* blueDivider.png in Resources */ = {isa = PBXBuildFile; fileRef = 842C4E05198AE0D6003CE998 /* blueDivider.png */; };
		842C4E5A198AE0D6003CE998 /* blueDivider@2x.png in Resources */ = {isa = PBXBuildFile; fileRef = 842C4E06198AE0D6003CE998 /* blueDivider@2x.png */; };
		842C4E5B198AE0D6003CE998 /* blueShadowLeft.png in Resources */ = {isa = PBXBuildFile; fileRef = 842C4E07198AE0D6003CE998 /* blueShadowLeft.png */; };
		842C4E5C198AE0D6003CE998 /* blueShadowLeft@2x.png in Resources */ = {isa = PBXBuildFile; fileRef = 842C4E08198AE0D6003CE998 /* blueShadowLeft@2x.png */; };
		842C4E5D198AE0D6003CE998 /* blueShadowRight.png in Resources */ = {isa = PBXBuildFile; fileRef = 842C4E09198AE0D6003CE998 /* blueShadowRight.png */; };
		842C4E5E198AE0D6003CE998 /* blueShadowRight@2x.png in Resources */ = {isa = PBXBuildFile; fileRef = 842C4E0A198AE0D6003CE998 /* blueShadowRight@2x.png */; };
		842C4E5F198AE0D6003CE998 /* crazyArch.png in Resources */ = {isa = PBXBuildFile; fileRef = 842C4E0C198AE0D6003CE998 /* crazyArch.png */; };
		842C4E60198AE0D6003CE998 /* crazyArch@2x.png in Resources */ = {isa = PBXBuildFile; fileRef = 842C4E0D198AE0D6003CE998 /* crazyArch@2x.png */; };
		842C4E61198AE0D6003CE998 /* crazyBackground.png in Resources */ = {isa = PBXBuildFile; fileRef = 842C4E0E198AE0D6003CE998 /* crazyBackground.png */; };
		842C4E62198AE0D6003CE998 /* crazyBackground@2x.png in Resources */ = {isa = PBXBuildFile; fileRef = 842C4E0F198AE0D6003CE998 /* crazyBackground@2x.png */; };
		842C4E63198AE0D6003CE998 /* crazyCenter.png in Resources */ = {isa = PBXBuildFile; fileRef = 842C4E10198AE0D6003CE998 /* crazyCenter.png */; };
		842C4E64198AE0D6003CE998 /* crazyCenter@2x.png in Resources */ = {isa = PBXBuildFile; fileRef = 842C4E11198AE0D6003CE998 /* crazyCenter@2x.png */; };
		842C4E65198AE0D6003CE998 /* defaultArch.png in Resources */ = {isa = PBXBuildFile; fileRef = 842C4E13198AE0D6003CE998 /* defaultArch.png */; };
		842C4E66198AE0D6003CE998 /* defaultArch@2x.png in Resources */ = {isa = PBXBuildFile; fileRef = 842C4E14198AE0D6003CE998 /* defaultArch@2x.png */; };
		842C4E67198AE0D6003CE998 /* defaultBackground.png in Resources */ = {isa = PBXBuildFile; fileRef = 842C4E15198AE0D6003CE998 /* defaultBackground.png */; };
		842C4E68198AE0D6003CE998 /* defaultBackground@2x.png in Resources */ = {isa = PBXBuildFile; fileRef = 842C4E16198AE0D6003CE998 /* defaultBackground@2x.png */; };
		842C4E69198AE0D6003CE998 /* defaultCenter.png in Resources */ = {isa = PBXBuildFile; fileRef = 842C4E17198AE0D6003CE998 /* defaultCenter.png */; };
		842C4E6A198AE0D6003CE998 /* defaultCenter@2x.png in Resources */ = {isa = PBXBuildFile; fileRef = 842C4E18198AE0D6003CE998 /* defaultCenter@2x.png */; };
		842C4E6B198AE0D6003CE998 /* defaultDivider.png in Resources */ = {isa = PBXBuildFile; fileRef = 842C4E19198AE0D6003CE998 /* defaultDivider.png */; };
		842C4E6C198AE0D6003CE998 /* defaultDivider@2x.png in Resources */ = {isa = PBXBuildFile; fileRef = 842C4E1A198AE0D6003CE998 /* defaultDivider@2x.png */; };
		842C4E6D198AE0D6003CE998 /* defaultShadowLeft.png in Resources */ = {isa = PBXBuildFile; fileRef = 842C4E1B198AE0D6003CE998 /* defaultShadowLeft.png */; };
		842C4E6E198AE0D6003CE998 /* defaultShadowLeft@2x.png in Resources */ = {isa = PBXBuildFile; fileRef = 842C4E1C198AE0D6003CE998 /* defaultShadowLeft@2x.png */; };
		842C4E6F198AE0D6003CE998 /* defaultShadowRight.png in Resources */ = {isa = PBXBuildFile; fileRef = 842C4E1D198AE0D6003CE998 /* defaultShadowRight.png */; };
		842C4E70198AE0D6003CE998 /* defaultShadowRight@2x.png in Resources */ = {isa = PBXBuildFile; fileRef = 842C4E1E198AE0D6003CE998 /* defaultShadowRight@2x.png */; };
		842C4E71198AE0D6003CE998 /* grayArch.png in Resources */ = {isa = PBXBuildFile; fileRef = 842C4E20198AE0D6003CE998 /* grayArch.png */; };
		842C4E72198AE0D6003CE998 /* grayArch@2x.png in Resources */ = {isa = PBXBuildFile; fileRef = 842C4E21198AE0D6003CE998 /* grayArch@2x.png */; };
		842C4E73198AE0D6003CE998 /* grayBackground.png in Resources */ = {isa = PBXBuildFile; fileRef = 842C4E22198AE0D6003CE998 /* grayBackground.png */; };
		842C4E74198AE0D6003CE998 /* grayBackground@2x.png in Resources */ = {isa = PBXBuildFile; fileRef = 842C4E23198AE0D6003CE998 /* grayBackground@2x.png */; };
		842C4E75198AE0D6003CE998 /* grayCenter.png in Resources */ = {isa = PBXBuildFile; fileRef = 842C4E24198AE0D6003CE998 /* grayCenter.png */; };
		842C4E76198AE0D6003CE998 /* grayCenter@2x.png in Resources */ = {isa = PBXBuildFile; fileRef = 842C4E25198AE0D6003CE998 /* grayCenter@2x.png */; };
		842C4E77198AE0D6003CE998 /* grayDivider.png in Resources */ = {isa = PBXBuildFile; fileRef = 842C4E26198AE0D6003CE998 /* grayDivider.png */; };
		842C4E78198AE0D6003CE998 /* grayDivider@2x.png in Resources */ = {isa = PBXBuildFile; fileRef = 842C4E27198AE0D6003CE998 /* grayDivider@2x.png */; };
		842C4E79198AE0D6003CE998 /* grayShadowLeft.png in Resources */ = {isa = PBXBuildFile; fileRef = 842C4E28198AE0D6003CE998 /* grayShadowLeft.png */; };
		842C4E7A198AE0D6003CE998 /* grayShadowLeft@2x.png in Resources */ = {isa = PBXBuildFile; fileRef = 842C4E29198AE0D6003CE998 /* grayShadowLeft@2x.png */; };
		842C4E7B198AE0D6003CE998 /* grayShadowRight.png in Resources */ = {isa = PBXBuildFile; fileRef = 842C4E2A198AE0D6003CE998 /* grayShadowRight.png */; };
		842C4E7C198AE0D6003CE998 /* grayShadowRight@2x.png in Resources */ = {isa = PBXBuildFile; fileRef = 842C4E2B198AE0D6003CE998 /* grayShadowRight@2x.png */; };
		842C4E7D198AE0D6003CE998 /* camera.png in Resources */ = {isa = PBXBuildFile; fileRef = 842C4E2D198AE0D6003CE998 /* camera.png */; };
		842C4E7E198AE0D6003CE998 /* camera@2x.png in Resources */ = {isa = PBXBuildFile; fileRef = 842C4E2E198AE0D6003CE998 /* camera@2x.png */; };
		842C4E7F198AE0D6003CE998 /* clock.png in Resources */ = {isa = PBXBuildFile; fileRef = 842C4E2F198AE0D6003CE998 /* clock.png */; };
		842C4E80198AE0D6003CE998 /* clock@2x.png in Resources */ = {isa = PBXBuildFile; fileRef = 842C4E30198AE0D6003CE998 /* clock@2x.png */; };
		842C4E81198AE0D6003CE998 /* fave.png in Resources */ = {isa = PBXBuildFile; fileRef = 842C4E31198AE0D6003CE998 /* fave.png */; };
		842C4E82198AE0D6003CE998 /* fave@2x.png in Resources */ = {isa = PBXBuildFile; fileRef = 842C4E32198AE0D6003CE998 /* fave@2x.png */; };
		842C4E83198AE0D6003CE998 /* games.png in Resources */ = {isa = PBXBuildFile; fileRef = 842C4E33198AE0D6003CE998 /* games.png */; };
		842C4E84198AE0D6003CE998 /* games@2x.png in Resources */ = {isa = PBXBuildFile; fileRef = 842C4E34198AE0D6003CE998 /* games@2x.png */; };
		842C4E85198AE0D6003CE998 /* mail.png in Resources */ = {isa = PBXBuildFile; fileRef = 842C4E35198AE0D6003CE998 /* mail.png */; };
		842C4E86198AE0D6003CE998 /* mail@2x.png in Resources */ = {isa = PBXBuildFile; fileRef = 842C4E36198AE0D6003CE998 /* mail@2x.png */; };
		842C4E87198AE0D6003CE998 /* music.png in Resources */ = {isa = PBXBuildFile; fileRef = 842C4E37198AE0D6003CE998 /* music.png */; };
		842C4E88198AE0D6003CE998 /* music@2x.png in Resources */ = {isa = PBXBuildFile; fileRef = 842C4E38198AE0D6003CE998 /* music@2x.png */; };
		842C4E89198AE0D6003CE998 /* settings.png in Resources */ = {isa = PBXBuildFile; fileRef = 842C4E39198AE0D6003CE998 /* settings.png */; };
		842C4E8A198AE0D6003CE998 /* settings@2x.png in Resources */ = {isa = PBXBuildFile; fileRef = 842C4E3A198AE0D6003CE998 /* settings@2x.png */; };
		842C4E8B198AE0D6003CE998 /* zip.png in Resources */ = {isa = PBXBuildFile; fileRef = 842C4E3B198AE0D6003CE998 /* zip.png */; };
		842C4E8C198AE0D6003CE998 /* zip@2x.png in Resources */ = {isa = PBXBuildFile; fileRef = 842C4E3C198AE0D6003CE998 /* zip@2x.png */; };
		843E904B19A3AC2C000ED017 /* SearchViewController.m in Sources */ = {isa = PBXBuildFile; fileRef = 843E904A19A3AC2C000ED017 /* SearchViewController.m */; };
		843E905119A3F47A000ED017 /* BridgeController.m in Sources */ = {isa = PBXBuildFile; fileRef = 843E905019A3F47A000ED017 /* BridgeController.m */; };
		8449F84E198AC50500F48583 /* IDScrollableTabBar.m in Sources */ = {isa = PBXBuildFile; fileRef = 8449F84A198AC50500F48583 /* IDScrollableTabBar.m */; };
		8449F84F198AC50500F48583 /* IDScrollableTabBarItem.m in Sources */ = {isa = PBXBuildFile; fileRef = 8449F84D198AC50500F48583 /* IDScrollableTabBarItem.m */; };
		8449F851198AC51A00F48583 /* BeamMusicPlayerController.bundle in Resources */ = {isa = PBXBuildFile; fileRef = 8449F850198AC51A00F48583 /* BeamMusicPlayerController.bundle */; };
		8449F854198AC52500F48583 /* AutoScrollLabel.m in Sources */ = {isa = PBXBuildFile; fileRef = 8449F853198AC52500F48583 /* AutoScrollLabel.m */; };
		8481795E197BDAE000144722 /* NLMediaViewController.m in Sources */ = {isa = PBXBuildFile; fileRef = 8481795D197BDAE000144722 /* NLMediaViewController.m */; };
		84969E9D19798C06002AFE7A /* Foundation.framework in Frameworks */ = {isa = PBXBuildFile; fileRef = 84969E9C19798C06002AFE7A /* Foundation.framework */; };
		84969E9F19798C06002AFE7A /* CoreGraphics.framework in Frameworks */ = {isa = PBXBuildFile; fileRef = 84969E9E19798C06002AFE7A /* CoreGraphics.framework */; };
		84969EA119798C06002AFE7A /* UIKit.framework in Frameworks */ = {isa = PBXBuildFile; fileRef = 84969EA019798C06002AFE7A /* UIKit.framework */; };
		84969EA719798C06002AFE7A /* InfoPlist.strings in Resources */ = {isa = PBXBuildFile; fileRef = 84969EA519798C06002AFE7A /* InfoPlist.strings */; };
		84969EAD19798C06002AFE7A /* AppDelegate.m in Sources */ = {isa = PBXBuildFile; fileRef = 84969EAC19798C06002AFE7A /* AppDelegate.m */; };
		84969EB019798C06002AFE7A /* Main.storyboard in Resources */ = {isa = PBXBuildFile; fileRef = 84969EAE19798C06002AFE7A /* Main.storyboard */; };
		84969EB319798C06002AFE7A /* ViewController.m in Sources */ = {isa = PBXBuildFile; fileRef = 84969EB219798C06002AFE7A /* ViewController.m */; };
		84969EB519798C06002AFE7A /* Images.xcassets in Resources */ = {isa = PBXBuildFile; fileRef = 84969EB419798C06002AFE7A /* Images.xcassets */; };
		84969EBC19798C06002AFE7A /* XCTest.framework in Frameworks */ = {isa = PBXBuildFile; fileRef = 84969EBB19798C06002AFE7A /* XCTest.framework */; };
		84969EBD19798C06002AFE7A /* Foundation.framework in Frameworks */ = {isa = PBXBuildFile; fileRef = 84969E9C19798C06002AFE7A /* Foundation.framework */; };
		84969EBE19798C06002AFE7A /* UIKit.framework in Frameworks */ = {isa = PBXBuildFile; fileRef = 84969EA019798C06002AFE7A /* UIKit.framework */; };
		84969EC819798C06002AFE7A /* NullaTests.m in Sources */ = {isa = PBXBuildFile; fileRef = 84969EC719798C06002AFE7A /* NullaTests.m */; };
		849A2F2919881A230047F6D3 /* NullaAudipPlayer.m in Sources */ = {isa = PBXBuildFile; fileRef = 849A2F2819881A230047F6D3 /* NullaAudipPlayer.m */; };
		84D3B02419945D980089B4AD /* NSMutableArray+QueueMethods.m in Sources */ = {isa = PBXBuildFile; fileRef = 84D3B00919945D980089B4AD /* NSMutableArray+QueueMethods.m */; };
		84D3B02519945D980089B4AD /* TDAudioFileStream.m in Sources */ = {isa = PBXBuildFile; fileRef = 84D3B00C19945D980089B4AD /* TDAudioFileStream.m */; };
		84D3B02619945D980089B4AD /* TDAudioQueue.m in Sources */ = {isa = PBXBuildFile; fileRef = 84D3B00E19945D980089B4AD /* TDAudioQueue.m */; };
		84D3B02719945D980089B4AD /* TDAudioQueueBuffer.m in Sources */ = {isa = PBXBuildFile; fileRef = 84D3B01019945D980089B4AD /* TDAudioQueueBuffer.m */; };
		84D3B02819945D980089B4AD /* TDAudioQueueBufferManager.m in Sources */ = {isa = PBXBuildFile; fileRef = 84D3B01219945D980089B4AD /* TDAudioQueueBufferManager.m */; };
		84D3B02919945D980089B4AD /* TDAudioQueueController.m in Sources */ = {isa = PBXBuildFile; fileRef = 84D3B01419945D980089B4AD /* TDAudioQueueController.m */; };
		84D3B02A19945D980089B4AD /* TDAudioQueueFiller.m in Sources */ = {isa = PBXBuildFile; fileRef = 84D3B01619945D980089B4AD /* TDAudioQueueFiller.m */; };
		84D3B02B19945D980089B4AD /* TDAudioStream.m in Sources */ = {isa = PBXBuildFile; fileRef = 84D3B01819945D980089B4AD /* TDAudioStream.m */; };
		84D3B02C19945D980089B4AD /* TDAudioInputStreamer.m in Sources */ = {isa = PBXBuildFile; fileRef = 84D3B01A19945D980089B4AD /* TDAudioInputStreamer.m */; };
		84D3B02D19945D980089B4AD /* TDAudioOutputStreamer.m in Sources */ = {isa = PBXBuildFile; fileRef = 84D3B01C19945D980089B4AD /* TDAudioOutputStreamer.m */; };
		84D3B02E19945D980089B4AD /* TDAudioStreamer.m in Sources */ = {isa = PBXBuildFile; fileRef = 84D3B01E19945D980089B4AD /* TDAudioStreamer.m */; };
		84D3B02F19945D980089B4AD /* TDAudioStreamerConstants.m in Sources */ = {isa = PBXBuildFile; fileRef = 84D3B02019945D980089B4AD /* TDAudioStreamerConstants.m */; };
		84D3B03019945D980089B4AD /* TDSession.m in Sources */ = {isa = PBXBuildFile; fileRef = 84D3B02319945D980089B4AD /* TDSession.m */; };
		84D3B03219945DAF0089B4AD /* TDAudioStreamer in Resources */ = {isa = PBXBuildFile; fileRef = 84D3B03119945DAF0089B4AD /* TDAudioStreamer */; };
		84F4F60C198114070008F9A1 /* MessageUI.framework in Frameworks */ = {isa = PBXBuildFile; fileRef = 84F4F60B198114070008F9A1 /* MessageUI.framework */; };
		84F6EF24198A1FA3000197D0 /* MySingleton.m in Sources */ = {isa = PBXBuildFile; fileRef = 84F6EF23198A1FA3000197D0 /* MySingleton.m */; };
		84FA9A2C1979C20000578AB3 /* AVFoundation.framework in Frameworks */ = {isa = PBXBuildFile; fileRef = 84FA9A2B1979C20000578AB3 /* AVFoundation.framework */; };
		84FA9A2E1979C20500578AB3 /* CoreAudio.framework in Frameworks */ = {isa = PBXBuildFile; fileRef = 84FA9A2D1979C20500578AB3 /* CoreAudio.framework */; };
		84FA9A301979C21000578AB3 /* MediaPlayer.framework in Frameworks */ = {isa = PBXBuildFile; fileRef = 84FA9A2F1979C21000578AB3 /* MediaPlayer.framework */; };
/* End PBXBuildFile section */

/* Begin PBXContainerItemProxy section */
		84969EBF19798C06002AFE7A /* PBXContainerItemProxy */ = {
			isa = PBXContainerItemProxy;
			containerPortal = 84969E9119798C06002AFE7A /* Project object */;
			proxyType = 1;
			remoteGlobalIDString = 84969E9819798C06002AFE7A;
			remoteInfo = Nulla;
		};
/* End PBXContainerItemProxy section */

/* Begin PBXFileReference section */
		842C4D2F198AD5EF003CE998 /* BeamMusicPlayerTransparentToolbar.h */ = {isa = PBXFileReference; fileEncoding = 4; lastKnownFileType = sourcecode.c.h; path = BeamMusicPlayerTransparentToolbar.h; sourceTree = "<group>"; };
		842C4D30198AD5EF003CE998 /* BeamMusicPlayerTransparentToolbar.m */ = {isa = PBXFileReference; fileEncoding = 4; lastKnownFileType = sourcecode.c.objc; path = BeamMusicPlayerTransparentToolbar.m; sourceTree = "<group>"; };
		842C4D34198AD717003CE998 /* main.m */ = {isa = PBXFileReference; fileEncoding = 4; lastKnownFileType = sourcecode.c.objc; path = main.m; sourceTree = "<group>"; };
		842C4D36198AD726003CE998 /* Nulla-Prefix.pch */ = {isa = PBXFileReference; lastKnownFileType = sourcecode.c.h; path = "Nulla-Prefix.pch"; sourceTree = "<group>"; };
		842C4D37198AD779003CE998 /* Default_2x.png */ = {isa = PBXFileReference; lastKnownFileType = image.png; path = Default_2x.png; sourceTree = "<group>"; };
		842C4D38198AD779003CE998 /* Default.png */ = {isa = PBXFileReference; lastKnownFileType = image.png; path = Default.png; sourceTree = "<group>"; };
		842C4D39198AD779003CE998 /* Default-568h_2x.png */ = {isa = PBXFileReference; lastKnownFileType = image.png; path = "Default-568h_2x.png"; sourceTree = "<group>"; };
		842C4DE7198AE0D6003CE998 /* ancientArch.png */ = {isa = PBXFileReference; lastKnownFileType = image.png; path = ancientArch.png; sourceTree = "<group>"; };
		842C4DE8198AE0D6003CE998 /* ancientArch@2x.png */ = {isa = PBXFileReference; lastKnownFileType = image.png; path = "ancientArch@2x.png"; sourceTree = "<group>"; };
		842C4DE9198AE0D6003CE998 /* ancientBackground.png */ = {isa = PBXFileReference; lastKnownFileType = image.png; path = ancientBackground.png; sourceTree = "<group>"; };
		842C4DEA198AE0D6003CE998 /* ancientBackground@2x.png */ = {isa = PBXFileReference; lastKnownFileType = image.png; path = "ancientBackground@2x.png"; sourceTree = "<group>"; };
		842C4DEB198AE0D6003CE998 /* ancientCenter.png */ = {isa = PBXFileReference; lastKnownFileType = image.png; path = ancientCenter.png; sourceTree = "<group>"; };
		842C4DEC198AE0D6003CE998 /* ancientCenter@2x.png */ = {isa = PBXFileReference; lastKnownFileType = image.png; path = "ancientCenter@2x.png"; sourceTree = "<group>"; };
		842C4DED198AE0D6003CE998 /* ancientDivider.png */ = {isa = PBXFileReference; lastKnownFileType = image.png; path = ancientDivider.png; sourceTree = "<group>"; };
		842C4DEE198AE0D6003CE998 /* ancientDivider@2x.png */ = {isa = PBXFileReference; lastKnownFileType = image.png; path = "ancientDivider@2x.png"; sourceTree = "<group>"; };
		842C4DF0198AE0D6003CE998 /* ancientIcon0.png */ = {isa = PBXFileReference; lastKnownFileType = image.png; path = ancientIcon0.png; sourceTree = "<group>"; };
		842C4DF1198AE0D6003CE998 /* ancientIcon0@2x.png */ = {isa = PBXFileReference; lastKnownFileType = image.png; path = "ancientIcon0@2x.png"; sourceTree = "<group>"; };
		842C4DF2198AE0D6003CE998 /* ancientIcon1.png */ = {isa = PBXFileReference; lastKnownFileType = image.png; path = ancientIcon1.png; sourceTree = "<group>"; };
		842C4DF3198AE0D6003CE998 /* ancientIcon1@2x.png */ = {isa = PBXFileReference; lastKnownFileType = image.png; path = "ancientIcon1@2x.png"; sourceTree = "<group>"; };
		842C4DF4198AE0D6003CE998 /* ancientIcon2.png */ = {isa = PBXFileReference; lastKnownFileType = image.png; path = ancientIcon2.png; sourceTree = "<group>"; };
		842C4DF5198AE0D6003CE998 /* ancientIcon2@2x.png */ = {isa = PBXFileReference; lastKnownFileType = image.png; path = "ancientIcon2@2x.png"; sourceTree = "<group>"; };
		842C4DF6198AE0D6003CE998 /* ancientIcon3.png */ = {isa = PBXFileReference; lastKnownFileType = image.png; path = ancientIcon3.png; sourceTree = "<group>"; };
		842C4DF7198AE0D6003CE998 /* ancientIcon3@2x.png */ = {isa = PBXFileReference; lastKnownFileType = image.png; path = "ancientIcon3@2x.png"; sourceTree = "<group>"; };
		842C4DF8198AE0D6003CE998 /* ancientIcon4.png */ = {isa = PBXFileReference; lastKnownFileType = image.png; path = ancientIcon4.png; sourceTree = "<group>"; };
		842C4DF9198AE0D6003CE998 /* ancientIcon4@2x.png */ = {isa = PBXFileReference; lastKnownFileType = image.png; path = "ancientIcon4@2x.png"; sourceTree = "<group>"; };
		842C4DFA198AE0D6003CE998 /* ancientIcon5.png */ = {isa = PBXFileReference; lastKnownFileType = image.png; path = ancientIcon5.png; sourceTree = "<group>"; };
		842C4DFB198AE0D6003CE998 /* ancientIcon5@2x.png */ = {isa = PBXFileReference; lastKnownFileType = image.png; path = "ancientIcon5@2x.png"; sourceTree = "<group>"; };
		842C4DFC198AE0D6003CE998 /* ancientIcon6.png */ = {isa = PBXFileReference; lastKnownFileType = image.png; path = ancientIcon6.png; sourceTree = "<group>"; };
		842C4DFD198AE0D6003CE998 /* ancientIcon6@2x.png */ = {isa = PBXFileReference; lastKnownFileType = image.png; path = "ancientIcon6@2x.png"; sourceTree = "<group>"; };
		842C4DFF198AE0D6003CE998 /* blueArch.png */ = {isa = PBXFileReference; lastKnownFileType = image.png; path = blueArch.png; sourceTree = "<group>"; };
		842C4E00198AE0D6003CE998 /* blueArch@2x.png */ = {isa = PBXFileReference; lastKnownFileType = image.png; path = "blueArch@2x.png"; sourceTree = "<group>"; };
		842C4E01198AE0D6003CE998 /* blueBackground.png */ = {isa = PBXFileReference; lastKnownFileType = image.png; path = blueBackground.png; sourceTree = "<group>"; };
		842C4E02198AE0D6003CE998 /* blueBackground@2x.png */ = {isa = PBXFileReference; lastKnownFileType = image.png; path = "blueBackground@2x.png"; sourceTree = "<group>"; };
		842C4E03198AE0D6003CE998 /* blueCenter.png */ = {isa = PBXFileReference; lastKnownFileType = image.png; path = blueCenter.png; sourceTree = "<group>"; };
		842C4E04198AE0D6003CE998 /* blueCenter@2x.png */ = {isa = PBXFileReference; lastKnownFileType = image.png; path = "blueCenter@2x.png"; sourceTree = "<group>"; };
		842C4E05198AE0D6003CE998 /* blueDivider.png */ = {isa = PBXFileReference; lastKnownFileType = image.png; path = blueDivider.png; sourceTree = "<group>"; };
		842C4E06198AE0D6003CE998 /* blueDivider@2x.png */ = {isa = PBXFileReference; lastKnownFileType = image.png; path = "blueDivider@2x.png"; sourceTree = "<group>"; };
		842C4E07198AE0D6003CE998 /* blueShadowLeft.png */ = {isa = PBXFileReference; lastKnownFileType = image.png; path = blueShadowLeft.png; sourceTree = "<group>"; };
		842C4E08198AE0D6003CE998 /* blueShadowLeft@2x.png */ = {isa = PBXFileReference; lastKnownFileType = image.png; path = "blueShadowLeft@2x.png"; sourceTree = "<group>"; };
		842C4E09198AE0D6003CE998 /* blueShadowRight.png */ = {isa = PBXFileReference; lastKnownFileType = image.png; path = blueShadowRight.png; sourceTree = "<group>"; };
		842C4E0A198AE0D6003CE998 /* blueShadowRight@2x.png */ = {isa = PBXFileReference; lastKnownFileType = image.png; path = "blueShadowRight@2x.png"; sourceTree = "<group>"; };
		842C4E0C198AE0D6003CE998 /* crazyArch.png */ = {isa = PBXFileReference; lastKnownFileType = image.png; path = crazyArch.png; sourceTree = "<group>"; };
		842C4E0D198AE0D6003CE998 /* crazyArch@2x.png */ = {isa = PBXFileReference; lastKnownFileType = image.png; path = "crazyArch@2x.png"; sourceTree = "<group>"; };
		842C4E0E198AE0D6003CE998 /* crazyBackground.png */ = {isa = PBXFileReference; lastKnownFileType = image.png; path = crazyBackground.png; sourceTree = "<group>"; };
		842C4E0F198AE0D6003CE998 /* crazyBackground@2x.png */ = {isa = PBXFileReference; lastKnownFileType = image.png; path = "crazyBackground@2x.png"; sourceTree = "<group>"; };
		842C4E10198AE0D6003CE998 /* crazyCenter.png */ = {isa = PBXFileReference; lastKnownFileType = image.png; path = crazyCenter.png; sourceTree = "<group>"; };
		842C4E11198AE0D6003CE998 /* crazyCenter@2x.png */ = {isa = PBXFileReference; lastKnownFileType = image.png; path = "crazyCenter@2x.png"; sourceTree = "<group>"; };
		842C4E13198AE0D6003CE998 /* defaultArch.png */ = {isa = PBXFileReference; lastKnownFileType = image.png; path = defaultArch.png; sourceTree = "<group>"; };
		842C4E14198AE0D6003CE998 /* defaultArch@2x.png */ = {isa = PBXFileReference; lastKnownFileType = image.png; path = "defaultArch@2x.png"; sourceTree = "<group>"; };
		842C4E15198AE0D6003CE998 /* defaultBackground.png */ = {isa = PBXFileReference; lastKnownFileType = image.png; path = defaultBackground.png; sourceTree = "<group>"; };
		842C4E16198AE0D6003CE998 /* defaultBackground@2x.png */ = {isa = PBXFileReference; lastKnownFileType = image.png; path = "defaultBackground@2x.png"; sourceTree = "<group>"; };
		842C4E17198AE0D6003CE998 /* defaultCenter.png */ = {isa = PBXFileReference; lastKnownFileType = image.png; path = defaultCenter.png; sourceTree = "<group>"; };
		842C4E18198AE0D6003CE998 /* defaultCenter@2x.png */ = {isa = PBXFileReference; lastKnownFileType = image.png; path = "defaultCenter@2x.png"; sourceTree = "<group>"; };
		842C4E19198AE0D6003CE998 /* defaultDivider.png */ = {isa = PBXFileReference; lastKnownFileType = image.png; path = defaultDivider.png; sourceTree = "<group>"; };
		842C4E1A198AE0D6003CE998 /* defaultDivider@2x.png */ = {isa = PBXFileReference; lastKnownFileType = image.png; path = "defaultDivider@2x.png"; sourceTree = "<group>"; };
		842C4E1B198AE0D6003CE998 /* defaultShadowLeft.png */ = {isa = PBXFileReference; lastKnownFileType = image.png; path = defaultShadowLeft.png; sourceTree = "<group>"; };
		842C4E1C198AE0D6003CE998 /* defaultShadowLeft@2x.png */ = {isa = PBXFileReference; lastKnownFileType = image.png; path = "defaultShadowLeft@2x.png"; sourceTree = "<group>"; };
		842C4E1D198AE0D6003CE998 /* defaultShadowRight.png */ = {isa = PBXFileReference; lastKnownFileType = image.png; path = defaultShadowRight.png; sourceTree = "<group>"; };
		842C4E1E198AE0D6003CE998 /* defaultShadowRight@2x.png */ = {isa = PBXFileReference; lastKnownFileType = image.png; path = "defaultShadowRight@2x.png"; sourceTree = "<group>"; };
		842C4E20198AE0D6003CE998 /* grayArch.png */ = {isa = PBXFileReference; lastKnownFileType = image.png; path = grayArch.png; sourceTree = "<group>"; };
		842C4E21198AE0D6003CE998 /* grayArch@2x.png */ = {isa = PBXFileReference; lastKnownFileType = image.png; path = "grayArch@2x.png"; sourceTree = "<group>"; };
		842C4E22198AE0D6003CE998 /* grayBackground.png */ = {isa = PBXFileReference; lastKnownFileType = image.png; path = grayBackground.png; sourceTree = "<group>"; };
		842C4E23198AE0D6003CE998 /* grayBackground@2x.png */ = {isa = PBXFileReference; lastKnownFileType = image.png; path = "grayBackground@2x.png"; sourceTree = "<group>"; };
		842C4E24198AE0D6003CE998 /* grayCenter.png */ = {isa = PBXFileReference; lastKnownFileType = image.png; path = grayCenter.png; sourceTree = "<group>"; };
		842C4E25198AE0D6003CE998 /* grayCenter@2x.png */ = {isa = PBXFileReference; lastKnownFileType = image.png; path = "grayCenter@2x.png"; sourceTree = "<group>"; };
		842C4E26198AE0D6003CE998 /* grayDivider.png */ = {isa = PBXFileReference; lastKnownFileType = image.png; path = grayDivider.png; sourceTree = "<group>"; };
		842C4E27198AE0D6003CE998 /* grayDivider@2x.png */ = {isa = PBXFileReference; lastKnownFileType = image.png; path = "grayDivider@2x.png"; sourceTree = "<group>"; };
		842C4E28198AE0D6003CE998 /* grayShadowLeft.png */ = {isa = PBXFileReference; lastKnownFileType = image.png; path = grayShadowLeft.png; sourceTree = "<group>"; };
		842C4E29198AE0D6003CE998 /* grayShadowLeft@2x.png */ = {isa = PBXFileReference; lastKnownFileType = image.png; path = "grayShadowLeft@2x.png"; sourceTree = "<group>"; };
		842C4E2A198AE0D6003CE998 /* grayShadowRight.png */ = {isa = PBXFileReference; lastKnownFileType = image.png; path = grayShadowRight.png; sourceTree = "<group>"; };
		842C4E2B198AE0D6003CE998 /* grayShadowRight@2x.png */ = {isa = PBXFileReference; lastKnownFileType = image.png; path = "grayShadowRight@2x.png"; sourceTree = "<group>"; };
		842C4E2D198AE0D6003CE998 /* camera.png */ = {isa = PBXFileReference; lastKnownFileType = image.png; path = camera.png; sourceTree = "<group>"; };
		842C4E2E198AE0D6003CE998 /* camera@2x.png */ = {isa = PBXFileReference; lastKnownFileType = image.png; path = "camera@2x.png"; sourceTree = "<group>"; };
		842C4E2F198AE0D6003CE998 /* clock.png */ = {isa = PBXFileReference; lastKnownFileType = image.png; path = clock.png; sourceTree = "<group>"; };
		842C4E30198AE0D6003CE998 /* clock@2x.png */ = {isa = PBXFileReference; lastKnownFileType = image.png; path = "clock@2x.png"; sourceTree = "<group>"; };
		842C4E31198AE0D6003CE998 /* fave.png */ = {isa = PBXFileReference; lastKnownFileType = image.png; path = fave.png; sourceTree = "<group>"; };
		842C4E32198AE0D6003CE998 /* fave@2x.png */ = {isa = PBXFileReference; lastKnownFileType = image.png; path = "fave@2x.png"; sourceTree = "<group>"; };
		842C4E33198AE0D6003CE998 /* games.png */ = {isa = PBXFileReference; lastKnownFileType = image.png; path = games.png; sourceTree = "<group>"; };
		842C4E34198AE0D6003CE998 /* games@2x.png */ = {isa = PBXFileReference; lastKnownFileType = image.png; path = "games@2x.png"; sourceTree = "<group>"; };
		842C4E35198AE0D6003CE998 /* mail.png */ = {isa = PBXFileReference; lastKnownFileType = image.png; path = mail.png; sourceTree = "<group>"; };
		842C4E36198AE0D6003CE998 /* mail@2x.png */ = {isa = PBXFileReference; lastKnownFileType = image.png; path = "mail@2x.png"; sourceTree = "<group>"; };
		842C4E37198AE0D6003CE998 /* music.png */ = {isa = PBXFileReference; lastKnownFileType = image.png; path = music.png; sourceTree = "<group>"; };
		842C4E38198AE0D6003CE998 /* music@2x.png */ = {isa = PBXFileReference; lastKnownFileType = image.png; path = "music@2x.png"; sourceTree = "<group>"; };
		842C4E39198AE0D6003CE998 /* settings.png */ = {isa = PBXFileReference; lastKnownFileType = image.png; path = settings.png; sourceTree = "<group>"; };
		842C4E3A198AE0D6003CE998 /* settings@2x.png */ = {isa = PBXFileReference; lastKnownFileType = image.png; path = "settings@2x.png"; sourceTree = "<group>"; };
		842C4E3B198AE0D6003CE998 /* zip.png */ = {isa = PBXFileReference; lastKnownFileType = image.png; path = zip.png; sourceTree = "<group>"; };
		842C4E3C198AE0D6003CE998 /* zip@2x.png */ = {isa = PBXFileReference; lastKnownFileType = image.png; path = "zip@2x.png"; sourceTree = "<group>"; };
		843E904919A3AC2C000ED017 /* SearchViewController.h */ = {isa = PBXFileReference; fileEncoding = 4; lastKnownFileType = sourcecode.c.h; path = SearchViewController.h; sourceTree = "<group>"; };
		843E904A19A3AC2C000ED017 /* SearchViewController.m */ = {isa = PBXFileReference; fileEncoding = 4; lastKnownFileType = sourcecode.c.objc; path = SearchViewController.m; sourceTree = "<group>"; };
		843E904F19A3F47A000ED017 /* BridgeController.h */ = {isa = PBXFileReference; fileEncoding = 4; lastKnownFileType = sourcecode.c.h; name = BridgeController.h; path = Streamer/BridgeController.h; sourceTree = "<group>"; };
		843E905019A3F47A000ED017 /* BridgeController.m */ = {isa = PBXFileReference; fileEncoding = 4; lastKnownFileType = sourcecode.c.objc; name = BridgeController.m; path = Streamer/BridgeController.m; sourceTree = "<group>"; };
		8449F848198AC47400F48583 /* OBSlider.h */ = {isa = PBXFileReference; lastKnownFileType = sourcecode.c.h; path = OBSlider.h; sourceTree = "<group>"; };
		8449F849198AC50500F48583 /* IDScrollableTabBar.h */ = {isa = PBXFileReference; fileEncoding = 4; lastKnownFileType = sourcecode.c.h; name = IDScrollableTabBar.h; path = Nulla/IDScrollableTabBar.h; sourceTree = SOURCE_ROOT; };
		8449F84A198AC50500F48583 /* IDScrollableTabBar.m */ = {isa = PBXFileReference; fileEncoding = 4; lastKnownFileType = sourcecode.c.objc; name = IDScrollableTabBar.m; path = Nulla/IDScrollableTabBar.m; sourceTree = SOURCE_ROOT; };
		8449F84B198AC50500F48583 /* IDScrollableTabBarDelegate.h */ = {isa = PBXFileReference; fileEncoding = 4; lastKnownFileType = sourcecode.c.h; name = IDScrollableTabBarDelegate.h; path = Nulla/IDScrollableTabBarDelegate.h; sourceTree = SOURCE_ROOT; };
		8449F84C198AC50500F48583 /* IDScrollableTabBarItem.h */ = {isa = PBXFileReference; fileEncoding = 4; lastKnownFileType = sourcecode.c.h; name = IDScrollableTabBarItem.h; path = Nulla/IDScrollableTabBarItem.h; sourceTree = SOURCE_ROOT; };
		8449F84D198AC50500F48583 /* IDScrollableTabBarItem.m */ = {isa = PBXFileReference; fileEncoding = 4; lastKnownFileType = sourcecode.c.objc; name = IDScrollableTabBarItem.m; path = Nulla/IDScrollableTabBarItem.m; sourceTree = SOURCE_ROOT; };
		8449F850198AC51A00F48583 /* BeamMusicPlayerController.bundle */ = {isa = PBXFileReference; lastKnownFileType = "wrapper.plug-in"; name = BeamMusicPlayerController.bundle; path = Nulla/BeamMusicPlayerController.bundle; sourceTree = SOURCE_ROOT; };
		8449F852198AC52500F48583 /* AutoScrollLabel.h */ = {isa = PBXFileReference; fileEncoding = 4; lastKnownFileType = sourcecode.c.h; path = AutoScrollLabel.h; sourceTree = "<group>"; };
		8449F853198AC52500F48583 /* AutoScrollLabel.m */ = {isa = PBXFileReference; fileEncoding = 4; lastKnownFileType = sourcecode.c.objc; path = AutoScrollLabel.m; sourceTree = "<group>"; };
		8481795C197BDAE000144722 /* NLMediaViewController.h */ = {isa = PBXFileReference; fileEncoding = 4; lastKnownFileType = sourcecode.c.h; path = NLMediaViewController.h; sourceTree = "<group>"; };
		8481795D197BDAE000144722 /* NLMediaViewController.m */ = {isa = PBXFileReference; fileEncoding = 4; lastKnownFileType = sourcecode.c.objc; path = NLMediaViewController.m; sourceTree = "<group>"; };
		84969E9919798C06002AFE7A /* Nulla.app */ = {isa = PBXFileReference; explicitFileType = wrapper.application; includeInIndex = 0; path = Nulla.app; sourceTree = BUILT_PRODUCTS_DIR; };
		84969E9C19798C06002AFE7A /* Foundation.framework */ = {isa = PBXFileReference; lastKnownFileType = wrapper.framework; name = Foundation.framework; path = System/Library/Frameworks/Foundation.framework; sourceTree = SDKROOT; };
		84969E9E19798C06002AFE7A /* CoreGraphics.framework */ = {isa = PBXFileReference; lastKnownFileType = wrapper.framework; name = CoreGraphics.framework; path = System/Library/Frameworks/CoreGraphics.framework; sourceTree = SDKROOT; };
		84969EA019798C06002AFE7A /* UIKit.framework */ = {isa = PBXFileReference; lastKnownFileType = wrapper.framework; name = UIKit.framework; path = System/Library/Frameworks/UIKit.framework; sourceTree = SDKROOT; };
		84969EA419798C06002AFE7A /* Nulla-Info.plist */ = {isa = PBXFileReference; lastKnownFileType = text.plist.xml; path = "Nulla-Info.plist"; sourceTree = "<group>"; };
		84969EA619798C06002AFE7A /* en */ = {isa = PBXFileReference; lastKnownFileType = text.plist.strings; name = en; path = en.lproj/InfoPlist.strings; sourceTree = "<group>"; };
		84969EAB19798C06002AFE7A /* AppDelegate.h */ = {isa = PBXFileReference; lastKnownFileType = sourcecode.c.h; path = AppDelegate.h; sourceTree = "<group>"; };
		84969EAC19798C06002AFE7A /* AppDelegate.m */ = {isa = PBXFileReference; lastKnownFileType = sourcecode.c.objc; path = AppDelegate.m; sourceTree = "<group>"; };
		84969EAF19798C06002AFE7A /* Base */ = {isa = PBXFileReference; lastKnownFileType = file.storyboard; name = Base; path = Base.lproj/Main.storyboard; sourceTree = "<group>"; };
		84969EB119798C06002AFE7A /* ViewController.h */ = {isa = PBXFileReference; lastKnownFileType = sourcecode.c.h; path = ViewController.h; sourceTree = "<group>"; };
		84969EB219798C06002AFE7A /* ViewController.m */ = {isa = PBXFileReference; lastKnownFileType = sourcecode.c.objc; path = ViewController.m; sourceTree = "<group>"; };
		84969EB419798C06002AFE7A /* Images.xcassets */ = {isa = PBXFileReference; lastKnownFileType = folder.assetcatalog; path = Images.xcassets; sourceTree = "<group>"; };
		84969EBA19798C06002AFE7A /* NullaTests.xctest */ = {isa = PBXFileReference; explicitFileType = wrapper.cfbundle; includeInIndex = 0; path = NullaTests.xctest; sourceTree = BUILT_PRODUCTS_DIR; };
		84969EBB19798C06002AFE7A /* XCTest.framework */ = {isa = PBXFileReference; lastKnownFileType = wrapper.framework; name = XCTest.framework; path = Library/Frameworks/XCTest.framework; sourceTree = DEVELOPER_DIR; };
		84969EC719798C06002AFE7A /* NullaTests.m */ = {isa = PBXFileReference; lastKnownFileType = sourcecode.c.objc; path = NullaTests.m; sourceTree = "<group>"; };
		849A2F2719881A230047F6D3 /* NullaAudipPlayer.h */ = {isa = PBXFileReference; fileEncoding = 4; lastKnownFileType = sourcecode.c.h; path = NullaAudipPlayer.h; sourceTree = "<group>"; };
		849A2F2819881A230047F6D3 /* NullaAudipPlayer.m */ = {isa = PBXFileReference; fileEncoding = 4; lastKnownFileType = sourcecode.c.objc; path = NullaAudipPlayer.m; sourceTree = "<group>"; };
		84D3B00819945D980089B4AD /* NSMutableArray+QueueMethods.h */ = {isa = PBXFileReference; fileEncoding = 4; lastKnownFileType = sourcecode.c.h; path = "NSMutableArray+QueueMethods.h"; sourceTree = "<group>"; };
		84D3B00919945D980089B4AD /* NSMutableArray+QueueMethods.m */ = {isa = PBXFileReference; fileEncoding = 4; lastKnownFileType = sourcecode.c.objc; path = "NSMutableArray+QueueMethods.m"; sourceTree = "<group>"; };
		84D3B00B19945D980089B4AD /* TDAudioFileStream.h */ = {isa = PBXFileReference; fileEncoding = 4; lastKnownFileType = sourcecode.c.h; path = TDAudioFileStream.h; sourceTree = "<group>"; };
		84D3B00C19945D980089B4AD /* TDAudioFileStream.m */ = {isa = PBXFileReference; fileEncoding = 4; lastKnownFileType = sourcecode.c.objc; path = TDAudioFileStream.m; sourceTree = "<group>"; };
		84D3B00D19945D980089B4AD /* TDAudioQueue.h */ = {isa = PBXFileReference; fileEncoding = 4; lastKnownFileType = sourcecode.c.h; path = TDAudioQueue.h; sourceTree = "<group>"; };
		84D3B00E19945D980089B4AD /* TDAudioQueue.m */ = {isa = PBXFileReference; fileEncoding = 4; lastKnownFileType = sourcecode.c.objc; path = TDAudioQueue.m; sourceTree = "<group>"; };
		84D3B00F19945D980089B4AD /* TDAudioQueueBuffer.h */ = {isa = PBXFileReference; fileEncoding = 4; lastKnownFileType = sourcecode.c.h; path = TDAudioQueueBuffer.h; sourceTree = "<group>"; };
		84D3B01019945D980089B4AD /* TDAudioQueueBuffer.m */ = {isa = PBXFileReference; fileEncoding = 4; lastKnownFileType = sourcecode.c.objc; path = TDAudioQueueBuffer.m; sourceTree = "<group>"; };
		84D3B01119945D980089B4AD /* TDAudioQueueBufferManager.h */ = {isa = PBXFileReference; fileEncoding = 4; lastKnownFileType = sourcecode.c.h; path = TDAudioQueueBufferManager.h; sourceTree = "<group>"; };
		84D3B01219945D980089B4AD /* TDAudioQueueBufferManager.m */ = {isa = PBXFileReference; fileEncoding = 4; lastKnownFileType = sourcecode.c.objc; path = TDAudioQueueBufferManager.m; sourceTree = "<group>"; };
		84D3B01319945D980089B4AD /* TDAudioQueueController.h */ = {isa = PBXFileReference; fileEncoding = 4; lastKnownFileType = sourcecode.c.h; path = TDAudioQueueController.h; sourceTree = "<group>"; };
		84D3B01419945D980089B4AD /* TDAudioQueueController.m */ = {isa = PBXFileReference; fileEncoding = 4; lastKnownFileType = sourcecode.c.objc; path = TDAudioQueueController.m; sourceTree = "<group>"; };
		84D3B01519945D980089B4AD /* TDAudioQueueFiller.h */ = {isa = PBXFileReference; fileEncoding = 4; lastKnownFileType = sourcecode.c.h; path = TDAudioQueueFiller.h; sourceTree = "<group>"; };
		84D3B01619945D980089B4AD /* TDAudioQueueFiller.m */ = {isa = PBXFileReference; fileEncoding = 4; lastKnownFileType = sourcecode.c.objc; path = TDAudioQueueFiller.m; sourceTree = "<group>"; };
		84D3B01719945D980089B4AD /* TDAudioStream.h */ = {isa = PBXFileReference; fileEncoding = 4; lastKnownFileType = sourcecode.c.h; path = TDAudioStream.h; sourceTree = "<group>"; };
		84D3B01819945D980089B4AD /* TDAudioStream.m */ = {isa = PBXFileReference; fileEncoding = 4; lastKnownFileType = sourcecode.c.objc; path = TDAudioStream.m; sourceTree = "<group>"; };
		84D3B01919945D980089B4AD /* TDAudioInputStreamer.h */ = {isa = PBXFileReference; fileEncoding = 4; lastKnownFileType = sourcecode.c.h; path = TDAudioInputStreamer.h; sourceTree = "<group>"; };
		84D3B01A19945D980089B4AD /* TDAudioInputStreamer.m */ = {isa = PBXFileReference; fileEncoding = 4; lastKnownFileType = sourcecode.c.objc; path = TDAudioInputStreamer.m; sourceTree = "<group>"; };
		84D3B01B19945D980089B4AD /* TDAudioOutputStreamer.h */ = {isa = PBXFileReference; fileEncoding = 4; lastKnownFileType = sourcecode.c.h; path = TDAudioOutputStreamer.h; sourceTree = "<group>"; };
		84D3B01C19945D980089B4AD /* TDAudioOutputStreamer.m */ = {isa = PBXFileReference; fileEncoding = 4; lastKnownFileType = sourcecode.c.objc; path = TDAudioOutputStreamer.m; sourceTree = "<group>"; };
		84D3B01D19945D980089B4AD /* TDAudioStreamer.h */ = {isa = PBXFileReference; fileEncoding = 4; lastKnownFileType = sourcecode.c.h; path = TDAudioStreamer.h; sourceTree = "<group>"; };
		84D3B01E19945D980089B4AD /* TDAudioStreamer.m */ = {isa = PBXFileReference; fileEncoding = 4; lastKnownFileType = sourcecode.c.objc; path = TDAudioStreamer.m; sourceTree = "<group>"; };
		84D3B01F19945D980089B4AD /* TDAudioStreamerConstants.h */ = {isa = PBXFileReference; fileEncoding = 4; lastKnownFileType = sourcecode.c.h; path = TDAudioStreamerConstants.h; sourceTree = "<group>"; };
		84D3B02019945D980089B4AD /* TDAudioStreamerConstants.m */ = {isa = PBXFileReference; fileEncoding = 4; lastKnownFileType = sourcecode.c.objc; path = TDAudioStreamerConstants.m; sourceTree = "<group>"; };
		84D3B02219945D980089B4AD /* TDSession.h */ = {isa = PBXFileReference; fileEncoding = 4; lastKnownFileType = sourcecode.c.h; path = TDSession.h; sourceTree = "<group>"; };
		84D3B02319945D980089B4AD /* TDSession.m */ = {isa = PBXFileReference; fileEncoding = 4; lastKnownFileType = sourcecode.c.objc; path = TDSession.m; sourceTree = "<group>"; };
		84D3B03119945DAF0089B4AD /* TDAudioStreamer */ = {isa = PBXFileReference; lastKnownFileType = folder; name = TDAudioStreamer; path = ../TDAudioStreamer; sourceTree = "<group>"; };
		84F4F60B198114070008F9A1 /* MessageUI.framework */ = {isa = PBXFileReference; lastKnownFileType = wrapper.framework; name = MessageUI.framework; path = System/Library/Frameworks/MessageUI.framework; sourceTree = SDKROOT; };
		84F6EF22198A1FA3000197D0 /* MySingleton.h */ = {isa = PBXFileReference; fileEncoding = 4; lastKnownFileType = sourcecode.c.h; path = MySingleton.h; sourceTree = "<group>"; };
		84F6EF23198A1FA3000197D0 /* MySingleton.m */ = {isa = PBXFileReference; fileEncoding = 4; lastKnownFileType = sourcecode.c.objc; path = MySingleton.m; sourceTree = "<group>"; };
		84FA9A2B1979C20000578AB3 /* AVFoundation.framework */ = {isa = PBXFileReference; lastKnownFileType = wrapper.framework; name = AVFoundation.framework; path = System/Library/Frameworks/AVFoundation.framework; sourceTree = SDKROOT; };
		84FA9A2D1979C20500578AB3 /* CoreAudio.framework */ = {isa = PBXFileReference; lastKnownFileType = wrapper.framework; name = CoreAudio.framework; path = System/Library/Frameworks/CoreAudio.framework; sourceTree = SDKROOT; };
		84FA9A2F1979C21000578AB3 /* MediaPlayer.framework */ = {isa = PBXFileReference; lastKnownFileType = wrapper.framework; name = MediaPlayer.framework; path = System/Library/Frameworks/MediaPlayer.framework; sourceTree = SDKROOT; };
/* End PBXFileReference section */

/* Begin PBXFrameworksBuildPhase section */
		84969E9619798C06002AFE7A /* Frameworks */ = {
			isa = PBXFrameworksBuildPhase;
			buildActionMask = 2147483647;
			files = (
				84F4F60C198114070008F9A1 /* MessageUI.framework in Frameworks */,
				84FA9A301979C21000578AB3 /* MediaPlayer.framework in Frameworks */,
				84FA9A2E1979C20500578AB3 /* CoreAudio.framework in Frameworks */,
				84FA9A2C1979C20000578AB3 /* AVFoundation.framework in Frameworks */,
				84969E9F19798C06002AFE7A /* CoreGraphics.framework in Frameworks */,
				84969EA119798C06002AFE7A /* UIKit.framework in Frameworks */,
				84969E9D19798C06002AFE7A /* Foundation.framework in Frameworks */,
			);
			runOnlyForDeploymentPostprocessing = 0;
		};
		84969EB719798C06002AFE7A /* Frameworks */ = {
			isa = PBXFrameworksBuildPhase;
			buildActionMask = 2147483647;
			files = (
				84969EBC19798C06002AFE7A /* XCTest.framework in Frameworks */,
				84969EBE19798C06002AFE7A /* UIKit.framework in Frameworks */,
				84969EBD19798C06002AFE7A /* Foundation.framework in Frameworks */,
			);
			runOnlyForDeploymentPostprocessing = 0;
		};
/* End PBXFrameworksBuildPhase section */

/* Begin PBXGroup section */
		842C4DE5198AE0D6003CE998 /* resorses */ = {
			isa = PBXGroup;
			children = (
				842C4DE6198AE0D6003CE998 /* ancient */,
				842C4DEF198AE0D6003CE998 /* ancientIcons */,
				842C4DFE198AE0D6003CE998 /* blueImages */,
				842C4E0B198AE0D6003CE998 /* crazy */,
				842C4E12198AE0D6003CE998 /* default */,
				842C4E1F198AE0D6003CE998 /* grayImages */,
				842C4E2C198AE0D6003CE998 /* icons */,
			);
			path = resorses;
			sourceTree = "<group>";
		};
		842C4DE6198AE0D6003CE998 /* ancient */ = {
			isa = PBXGroup;
			children = (
				842C4DE7198AE0D6003CE998 /* ancientArch.png */,
				842C4DE8198AE0D6003CE998 /* ancientArch@2x.png */,
				842C4DE9198AE0D6003CE998 /* ancientBackground.png */,
				842C4DEA198AE0D6003CE998 /* ancientBackground@2x.png */,
				842C4DEB198AE0D6003CE998 /* ancientCenter.png */,
				842C4DEC198AE0D6003CE998 /* ancientCenter@2x.png */,
				842C4DED198AE0D6003CE998 /* ancientDivider.png */,
				842C4DEE198AE0D6003CE998 /* ancientDivider@2x.png */,
			);
			path = ancient;
			sourceTree = "<group>";
		};
		842C4DEF198AE0D6003CE998 /* ancientIcons */ = {
			isa = PBXGroup;
			children = (
				842C4DF0198AE0D6003CE998 /* ancientIcon0.png */,
				842C4DF1198AE0D6003CE998 /* ancientIcon0@2x.png */,
				842C4DF2198AE0D6003CE998 /* ancientIcon1.png */,
				842C4DF3198AE0D6003CE998 /* ancientIcon1@2x.png */,
				842C4DF4198AE0D6003CE998 /* ancientIcon2.png */,
				842C4DF5198AE0D6003CE998 /* ancientIcon2@2x.png */,
				842C4DF6198AE0D6003CE998 /* ancientIcon3.png */,
				842C4DF7198AE0D6003CE998 /* ancientIcon3@2x.png */,
				842C4DF8198AE0D6003CE998 /* ancientIcon4.png */,
				842C4DF9198AE0D6003CE998 /* ancientIcon4@2x.png */,
				842C4DFA198AE0D6003CE998 /* ancientIcon5.png */,
				842C4DFB198AE0D6003CE998 /* ancientIcon5@2x.png */,
				842C4DFC198AE0D6003CE998 /* ancientIcon6.png */,
				842C4DFD198AE0D6003CE998 /* ancientIcon6@2x.png */,
			);
			path = ancientIcons;
			sourceTree = "<group>";
		};
		842C4DFE198AE0D6003CE998 /* blueImages */ = {
			isa = PBXGroup;
			children = (
				842C4DFF198AE0D6003CE998 /* blueArch.png */,
				842C4E00198AE0D6003CE998 /* blueArch@2x.png */,
				842C4E01198AE0D6003CE998 /* blueBackground.png */,
				842C4E02198AE0D6003CE998 /* blueBackground@2x.png */,
				842C4E03198AE0D6003CE998 /* blueCenter.png */,
				842C4E04198AE0D6003CE998 /* blueCenter@2x.png */,
				842C4E05198AE0D6003CE998 /* blueDivider.png */,
				842C4E06198AE0D6003CE998 /* blueDivider@2x.png */,
				842C4E07198AE0D6003CE998 /* blueShadowLeft.png */,
				842C4E08198AE0D6003CE998 /* blueShadowLeft@2x.png */,
				842C4E09198AE0D6003CE998 /* blueShadowRight.png */,
				842C4E0A198AE0D6003CE998 /* blueShadowRight@2x.png */,
			);
			path = blueImages;
			sourceTree = "<group>";
		};
		842C4E0B198AE0D6003CE998 /* crazy */ = {
			isa = PBXGroup;
			children = (
				842C4E0C198AE0D6003CE998 /* crazyArch.png */,
				842C4E0D198AE0D6003CE998 /* crazyArch@2x.png */,
				842C4E0E198AE0D6003CE998 /* crazyBackground.png */,
				842C4E0F198AE0D6003CE998 /* crazyBackground@2x.png */,
				842C4E10198AE0D6003CE998 /* crazyCenter.png */,
				842C4E11198AE0D6003CE998 /* crazyCenter@2x.png */,
			);
			path = crazy;
			sourceTree = "<group>";
		};
		842C4E12198AE0D6003CE998 /* default */ = {
			isa = PBXGroup;
			children = (
				842C4E13198AE0D6003CE998 /* defaultArch.png */,
				842C4E14198AE0D6003CE998 /* defaultArch@2x.png */,
				842C4E15198AE0D6003CE998 /* defaultBackground.png */,
				842C4E16198AE0D6003CE998 /* defaultBackground@2x.png */,
				842C4E17198AE0D6003CE998 /* defaultCenter.png */,
				842C4E18198AE0D6003CE998 /* defaultCenter@2x.png */,
				842C4E19198AE0D6003CE998 /* defaultDivider.png */,
				842C4E1A198AE0D6003CE998 /* defaultDivider@2x.png */,
				842C4E1B198AE0D6003CE998 /* defaultShadowLeft.png */,
				842C4E1C198AE0D6003CE998 /* defaultShadowLeft@2x.png */,
				842C4E1D198AE0D6003CE998 /* defaultShadowRight.png */,
				842C4E1E198AE0D6003CE998 /* defaultShadowRight@2x.png */,
			);
			path = default;
			sourceTree = "<group>";
		};
		842C4E1F198AE0D6003CE998 /* grayImages */ = {
			isa = PBXGroup;
			children = (
				842C4E20198AE0D6003CE998 /* grayArch.png */,
				842C4E21198AE0D6003CE998 /* grayArch@2x.png */,
				842C4E22198AE0D6003CE998 /* grayBackground.png */,
				842C4E23198AE0D6003CE998 /* grayBackground@2x.png */,
				842C4E24198AE0D6003CE998 /* grayCenter.png */,
				842C4E25198AE0D6003CE998 /* grayCenter@2x.png */,
				842C4E26198AE0D6003CE998 /* grayDivider.png */,
				842C4E27198AE0D6003CE998 /* grayDivider@2x.png */,
				842C4E28198AE0D6003CE998 /* grayShadowLeft.png */,
				842C4E29198AE0D6003CE998 /* grayShadowLeft@2x.png */,
				842C4E2A198AE0D6003CE998 /* grayShadowRight.png */,
				842C4E2B198AE0D6003CE998 /* grayShadowRight@2x.png */,
			);
			path = grayImages;
			sourceTree = "<group>";
		};
		842C4E2C198AE0D6003CE998 /* icons */ = {
			isa = PBXGroup;
			children = (
				842C4E2D198AE0D6003CE998 /* camera.png */,
				842C4E2E198AE0D6003CE998 /* camera@2x.png */,
				842C4E2F198AE0D6003CE998 /* clock.png */,
				842C4E30198AE0D6003CE998 /* clock@2x.png */,
				842C4E31198AE0D6003CE998 /* fave.png */,
				842C4E32198AE0D6003CE998 /* fave@2x.png */,
				842C4E33198AE0D6003CE998 /* games.png */,
				842C4E34198AE0D6003CE998 /* games@2x.png */,
				842C4E35198AE0D6003CE998 /* mail.png */,
				842C4E36198AE0D6003CE998 /* mail@2x.png */,
				842C4E37198AE0D6003CE998 /* music.png */,
				842C4E38198AE0D6003CE998 /* music@2x.png */,
				842C4E39198AE0D6003CE998 /* settings.png */,
				842C4E3A198AE0D6003CE998 /* settings@2x.png */,
				842C4E3B198AE0D6003CE998 /* zip.png */,
				842C4E3C198AE0D6003CE998 /* zip@2x.png */,
			);
			path = icons;
			sourceTree = "<group>";
		};
		84969E9019798C06002AFE7A = {
			isa = PBXGroup;
			children = (
				84969EA219798C06002AFE7A /* Nulla */,
				84969EC119798C06002AFE7A /* NullaTests */,
				84969E9B19798C06002AFE7A /* Frameworks */,
				84969E9A19798C06002AFE7A /* Products */,
				84D3B03119945DAF0089B4AD /* TDAudioStreamer */,
			);
			sourceTree = "<group>";
		};
		84969E9A19798C06002AFE7A /* Products */ = {
			isa = PBXGroup;
			children = (
				84969E9919798C06002AFE7A /* Nulla.app */,
				84969EBA19798C06002AFE7A /* NullaTests.xctest */,
			);
			name = Products;
			sourceTree = "<group>";
		};
		84969E9B19798C06002AFE7A /* Frameworks */ = {
			isa = PBXGroup;
			children = (
				84F4F60B198114070008F9A1 /* MessageUI.framework */,
				84FA9A2F1979C21000578AB3 /* MediaPlayer.framework */,
				84FA9A2D1979C20500578AB3 /* CoreAudio.framework */,
				84FA9A2B1979C20000578AB3 /* AVFoundation.framework */,
				84969E9C19798C06002AFE7A /* Foundation.framework */,
				84969E9E19798C06002AFE7A /* CoreGraphics.framework */,
				84969EA019798C06002AFE7A /* UIKit.framework */,
				84969EBB19798C06002AFE7A /* XCTest.framework */,
			);
			name = Frameworks;
			sourceTree = "<group>";
		};
		84969EA219798C06002AFE7A /* Nulla */ = {
			isa = PBXGroup;
			children = (
				84D3B00519945D980089B4AD /* Streamer */,
				84969EAB19798C06002AFE7A /* AppDelegate.h */,
				84969EAC19798C06002AFE7A /* AppDelegate.m */,
				84969EAE19798C06002AFE7A /* Main.storyboard */,
				849A2F2719881A230047F6D3 /* NullaAudipPlayer.h */,
				849A2F2819881A230047F6D3 /* NullaAudipPlayer.m */,
				843E904919A3AC2C000ED017 /* SearchViewController.h */,
				843E904A19A3AC2C000ED017 /* SearchViewController.m */,
				843E904F19A3F47A000ED017 /* BridgeController.h */,
				843E905019A3F47A000ED017 /* BridgeController.m */,
				84F6EF22198A1FA3000197D0 /* MySingleton.h */,
				84F6EF23198A1FA3000197D0 /* MySingleton.m */,
				84969EB119798C06002AFE7A /* ViewController.h */,
				84969EB219798C06002AFE7A /* ViewController.m */,
				8481795C197BDAE000144722 /* NLMediaViewController.h */,
				8481795D197BDAE000144722 /* NLMediaViewController.m */,
				8449F848198AC47400F48583 /* OBSlider.h */,
				84969EB419798C06002AFE7A /* Images.xcassets */,
				8449F852198AC52500F48583 /* AutoScrollLabel.h */,
				8449F853198AC52500F48583 /* AutoScrollLabel.m */,
				842C4D2F198AD5EF003CE998 /* BeamMusicPlayerTransparentToolbar.h */,
				842C4D30198AD5EF003CE998 /* BeamMusicPlayerTransparentToolbar.m */,
				842C4DE5198AE0D6003CE998 /* resorses */,
				849A2F02198812880047F6D3 /* Source */,
				84F6CC36197A8C8500B3D1D6 /* ScrollableTabBar */,
				84969EA319798C06002AFE7A /* Supporting Files */,
			);
			path = Nulla;
			sourceTree = "<group>";
		};
		84969EA319798C06002AFE7A /* Supporting Files */ = {
			isa = PBXGroup;
			children = (
				842C4D34198AD717003CE998 /* main.m */,
				842C4D37198AD779003CE998 /* Default_2x.png */,
				842C4D38198AD779003CE998 /* Default.png */,
				842C4D39198AD779003CE998 /* Default-568h_2x.png */,
				84969EA519798C06002AFE7A /* InfoPlist.strings */,
				842C4D36198AD726003CE998 /* Nulla-Prefix.pch */,
				84969EA419798C06002AFE7A /* Nulla-Info.plist */,
			);
			name = "Supporting Files";
			sourceTree = "<group>";
		};
		84969EC119798C06002AFE7A /* NullaTests */ = {
			isa = PBXGroup;
			children = (
				84969EC719798C06002AFE7A /* NullaTests.m */,
			);
			path = NullaTests;
			sourceTree = "<group>";
		};
		849A2F02198812880047F6D3 /* Source */ = {
			isa = PBXGroup;
			children = (
				8449F850198AC51A00F48583 /* BeamMusicPlayerController.bundle */,
			);
			name = Source;
			path = "../../../../Downloads/MusicPlayerViewController-master/Source";
			sourceTree = "<group>";
		};
		84D3B00519945D980089B4AD /* Streamer */ = {
			isa = PBXGroup;
			children = (
				84D3B00619945D980089B4AD /* AudioStreamer */,
				84D3B02119945D980089B4AD /* Classes */,
			);
			path = Streamer;
			sourceTree = "<group>";
		};
		84D3B00619945D980089B4AD /* AudioStreamer */ = {
			isa = PBXGroup;
			children = (
				84D3B00719945D980089B4AD /* Categories */,
				84D3B00A19945D980089B4AD /* Classes */,
				84D3B01919945D980089B4AD /* TDAudioInputStreamer.h */,
				84D3B01A19945D980089B4AD /* TDAudioInputStreamer.m */,
				84D3B01B19945D980089B4AD /* TDAudioOutputStreamer.h */,
				84D3B01C19945D980089B4AD /* TDAudioOutputStreamer.m */,
				84D3B01D19945D980089B4AD /* TDAudioStreamer.h */,
				84D3B01E19945D980089B4AD /* TDAudioStreamer.m */,
				84D3B01F19945D980089B4AD /* TDAudioStreamerConstants.h */,
				84D3B02019945D980089B4AD /* TDAudioStreamerConstants.m */,
			);
			path = AudioStreamer;
			sourceTree = "<group>";
		};
		84D3B00719945D980089B4AD /* Categories */ = {
			isa = PBXGroup;
			children = (
				84D3B00819945D980089B4AD /* NSMutableArray+QueueMethods.h */,
				84D3B00919945D980089B4AD /* NSMutableArray+QueueMethods.m */,
			);
			path = Categories;
			sourceTree = "<group>";
		};
		84D3B00A19945D980089B4AD /* Classes */ = {
			isa = PBXGroup;
			children = (
				84D3B00B19945D980089B4AD /* TDAudioFileStream.h */,
				84D3B00C19945D980089B4AD /* TDAudioFileStream.m */,
				84D3B00D19945D980089B4AD /* TDAudioQueue.h */,
				84D3B00E19945D980089B4AD /* TDAudioQueue.m */,
				84D3B00F19945D980089B4AD /* TDAudioQueueBuffer.h */,
				84D3B01019945D980089B4AD /* TDAudioQueueBuffer.m */,
				84D3B01119945D980089B4AD /* TDAudioQueueBufferManager.h */,
				84D3B01219945D980089B4AD /* TDAudioQueueBufferManager.m */,
				84D3B01319945D980089B4AD /* TDAudioQueueController.h */,
				84D3B01419945D980089B4AD /* TDAudioQueueController.m */,
				84D3B01519945D980089B4AD /* TDAudioQueueFiller.h */,
				84D3B01619945D980089B4AD /* TDAudioQueueFiller.m */,
				84D3B01719945D980089B4AD /* TDAudioStream.h */,
				84D3B01819945D980089B4AD /* TDAudioStream.m */,
			);
			path = Classes;
			sourceTree = "<group>";
		};
		84D3B02119945D980089B4AD /* Classes */ = {
			isa = PBXGroup;
			children = (
				84D3B02219945D980089B4AD /* TDSession.h */,
				84D3B02319945D980089B4AD /* TDSession.m */,
			);
			path = Classes;
			sourceTree = "<group>";
		};
		84F6CC36197A8C8500B3D1D6 /* ScrollableTabBar */ = {
			isa = PBXGroup;
			children = (
				8449F849198AC50500F48583 /* IDScrollableTabBar.h */,
				8449F84A198AC50500F48583 /* IDScrollableTabBar.m */,
				8449F84B198AC50500F48583 /* IDScrollableTabBarDelegate.h */,
				8449F84C198AC50500F48583 /* IDScrollableTabBarItem.h */,
				8449F84D198AC50500F48583 /* IDScrollableTabBarItem.m */,
			);
			name = ScrollableTabBar;
			path = "../../../../Downloads/scrollableTabbar-master/Control/ScrollableTabBar";
			sourceTree = "<group>";
		};
/* End PBXGroup section */

/* Begin PBXNativeTarget section */
		84969E9819798C06002AFE7A /* Nulla */ = {
			isa = PBXNativeTarget;
			buildConfigurationList = 84969ECB19798C06002AFE7A /* Build configuration list for PBXNativeTarget "Nulla" */;
			buildPhases = (
				84969E9519798C06002AFE7A /* Sources */,
				84969E9619798C06002AFE7A /* Frameworks */,
				84969E9719798C06002AFE7A /* Resources */,
			);
			buildRules = (
			);
			dependencies = (
			);
			name = Nulla;
			productName = Nulla;
			productReference = 84969E9919798C06002AFE7A /* Nulla.app */;
			productType = "com.apple.product-type.application";
		};
		84969EB919798C06002AFE7A /* NullaTests */ = {
			isa = PBXNativeTarget;
			buildConfigurationList = 84969ECE19798C06002AFE7A /* Build configuration list for PBXNativeTarget "NullaTests" */;
			buildPhases = (
				84969EB619798C06002AFE7A /* Sources */,
				84969EB719798C06002AFE7A /* Frameworks */,
				84969EB819798C06002AFE7A /* Resources */,
			);
			buildRules = (
			);
			dependencies = (
				84969EC019798C06002AFE7A /* PBXTargetDependency */,
			);
			name = NullaTests;
			productName = NullaTests;
			productReference = 84969EBA19798C06002AFE7A /* NullaTests.xctest */;
			productType = "com.apple.product-type.bundle.unit-test";
		};
/* End PBXNativeTarget section */

/* Begin PBXProject section */
		84969E9119798C06002AFE7A /* Project object */ = {
			isa = PBXProject;
			attributes = {
				LastUpgradeCheck = 0510;
				ORGANIZATIONNAME = "Artur Guseynov";
				TargetAttributes = {
					84969E9819798C06002AFE7A = {
						DevelopmentTeam = V9XXJGN69B;
					};
					84969EB919798C06002AFE7A = {
						TestTargetID = 84969E9819798C06002AFE7A;
					};
				};
			};
			buildConfigurationList = 84969E9419798C06002AFE7A /* Build configuration list for PBXProject "Nulla" */;
			compatibilityVersion = "Xcode 3.2";
			developmentRegion = English;
			hasScannedForEncodings = 0;
			knownRegions = (
				en,
				Base,
			);
			mainGroup = 84969E9019798C06002AFE7A;
			productRefGroup = 84969E9A19798C06002AFE7A /* Products */;
			projectDirPath = "";
			projectRoot = "";
			targets = (
				84969E9819798C06002AFE7A /* Nulla */,
				84969EB919798C06002AFE7A /* NullaTests */,
			);
		};
/* End PBXProject section */

/* Begin PBXResourcesBuildPhase section */
		84969E9719798C06002AFE7A /* Resources */ = {
			isa = PBXResourcesBuildPhase;
			buildActionMask = 2147483647;
			files = (
				842C4E7E198AE0D6003CE998 /* camera@2x.png in Resources */,
				84969EB519798C06002AFE7A /* Images.xcassets in Resources */,
				842C4E4C198AE0D6003CE998 /* ancientIcon3@2x.png in Resources */,
				842C4E86198AE0D6003CE998 /* mail@2x.png in Resources */,
				842C4E68198AE0D6003CE998 /* defaultBackground@2x.png in Resources */,
				842C4E8A198AE0D6003CE998 /* settings@2x.png in Resources */,
				84969EA719798C06002AFE7A /* InfoPlist.strings in Resources */,
				842C4E3F198AE0D6003CE998 /* ancientBackground.png in Resources */,
				842C4E42198AE0D6003CE998 /* ancientCenter@2x.png in Resources */,
				842C4E5E198AE0D6003CE998 /* blueShadowRight@2x.png in Resources */,
				842C4E88198AE0D6003CE998 /* music@2x.png in Resources */,
				842C4E43198AE0D6003CE998 /* ancientDivider.png in Resources */,
				842C4E61198AE0D6003CE998 /* crazyBackground.png in Resources */,
				842C4E5B198AE0D6003CE998 /* blueShadowLeft.png in Resources */,
				842C4E5C198AE0D6003CE998 /* blueShadowLeft@2x.png in Resources */,
				842C4E5A198AE0D6003CE998 /* blueDivider@2x.png in Resources */,
				842C4E6E198AE0D6003CE998 /* defaultShadowLeft@2x.png in Resources */,
				842C4E66198AE0D6003CE998 /* defaultArch@2x.png in Resources */,
				842C4E46198AE0D6003CE998 /* ancientIcon0@2x.png in Resources */,
				842C4E6D198AE0D6003CE998 /* defaultShadowLeft.png in Resources */,
				842C4E67198AE0D6003CE998 /* defaultBackground.png in Resources */,
				842C4E6A198AE0D6003CE998 /* defaultCenter@2x.png in Resources */,
				842C4E5D198AE0D6003CE998 /* blueShadowRight.png in Resources */,
				842C4E52198AE0D6003CE998 /* ancientIcon6@2x.png in Resources */,
				842C4E62198AE0D6003CE998 /* crazyBackground@2x.png in Resources */,
				842C4E75198AE0D6003CE998 /* grayCenter.png in Resources */,
				842C4E7D198AE0D6003CE998 /* camera.png in Resources */,
				842C4E76198AE0D6003CE998 /* grayCenter@2x.png in Resources */,
				842C4E4A198AE0D6003CE998 /* ancientIcon2@2x.png in Resources */,
				842C4E7A198AE0D6003CE998 /* grayShadowLeft@2x.png in Resources */,
				842C4E7C198AE0D6003CE998 /* grayShadowRight@2x.png in Resources */,
				842C4E73198AE0D6003CE998 /* grayBackground.png in Resources */,
				842C4E53198AE0D6003CE998 /* blueArch.png in Resources */,
				842C4E84198AE0D6003CE998 /* games@2x.png in Resources */,
				842C4E64198AE0D6003CE998 /* crazyCenter@2x.png in Resources */,
				842C4E83198AE0D6003CE998 /* games.png in Resources */,
				842C4E3D198AE0D6003CE998 /* ancientArch.png in Resources */,
				842C4E89198AE0D6003CE998 /* settings.png in Resources */,
				8449F851198AC51A00F48583 /* BeamMusicPlayerController.bundle in Resources */,
				842C4E8C198AE0D6003CE998 /* zip@2x.png in Resources */,
				842C4E5F198AE0D6003CE998 /* crazyArch.png in Resources */,
				842C4E82198AE0D6003CE998 /* fave@2x.png in Resources */,
				842C4E6C198AE0D6003CE998 /* defaultDivider@2x.png in Resources */,
				842C4E49198AE0D6003CE998 /* ancientIcon2.png in Resources */,
				842C4E8B198AE0D6003CE998 /* zip.png in Resources */,
				842C4E55198AE0D6003CE998 /* blueBackground.png in Resources */,
				842C4E69198AE0D6003CE998 /* defaultCenter.png in Resources */,
				842C4E63198AE0D6003CE998 /* crazyCenter.png in Resources */,
				842C4E71198AE0D6003CE998 /* grayArch.png in Resources */,
				842C4E40198AE0D6003CE998 /* ancientBackground@2x.png in Resources */,
				842C4E79198AE0D6003CE998 /* grayShadowLeft.png in Resources */,
				842C4E51198AE0D6003CE998 /* ancientIcon6.png in Resources */,
				842C4E85198AE0D6003CE998 /* mail.png in Resources */,
				842C4E60198AE0D6003CE998 /* crazyArch@2x.png in Resources */,
				842C4E87198AE0D6003CE998 /* music.png in Resources */,
				842C4E7B198AE0D6003CE998 /* grayShadowRight.png in Resources */,
				842C4E80198AE0D6003CE998 /* clock@2x.png in Resources */,
				842C4E58198AE0D6003CE998 /* blueCenter@2x.png in Resources */,
				842C4E4E198AE0D6003CE998 /* ancientIcon4@2x.png in Resources */,
				842C4E72198AE0D6003CE998 /* grayArch@2x.png in Resources */,
				842C4E44198AE0D6003CE998 /* ancientDivider@2x.png in Resources */,
				842C4E78198AE0D6003CE998 /* grayDivider@2x.png in Resources */,
				842C4E54198AE0D6003CE998 /* blueArch@2x.png in Resources */,
				842C4E74198AE0D6003CE998 /* grayBackground@2x.png in Resources */,
				842C4D3A198AD779003CE998 /* Default_2x.png in Resources */,
				842C4E6F198AE0D6003CE998 /* defaultShadowRight.png in Resources */,
				842C4E41198AE0D6003CE998 /* ancientCenter.png in Resources */,
				842C4D3C198AD779003CE998 /* Default-568h_2x.png in Resources */,
				84D3B03219945DAF0089B4AD /* TDAudioStreamer in Resources */,
				842C4E6B198AE0D6003CE998 /* defaultDivider.png in Resources */,
				842C4E48198AE0D6003CE998 /* ancientIcon1@2x.png in Resources */,
				842C4E3E198AE0D6003CE998 /* ancientArch@2x.png in Resources */,
				842C4E4D198AE0D6003CE998 /* ancientIcon4.png in Resources */,
				842C4E65198AE0D6003CE998 /* defaultArch.png in Resources */,
				842C4E4B198AE0D6003CE998 /* ancientIcon3.png in Resources */,
				842C4E4F198AE0D6003CE998 /* ancientIcon5.png in Resources */,
				842C4D3B198AD779003CE998 /* Default.png in Resources */,
				842C4E59198AE0D6003CE998 /* blueDivider.png in Resources */,
				842C4E57198AE0D6003CE998 /* blueCenter.png in Resources */,
				842C4E7F198AE0D6003CE998 /* clock.png in Resources */,
				842C4E56198AE0D6003CE998 /* blueBackground@2x.png in Resources */,
				842C4E81198AE0D6003CE998 /* fave.png in Resources */,
				842C4E70198AE0D6003CE998 /* defaultShadowRight@2x.png in Resources */,
				842C4E47198AE0D6003CE998 /* ancientIcon1.png in Resources */,
				842C4E45198AE0D6003CE998 /* ancientIcon0.png in Resources */,
				842C4E50198AE0D6003CE998 /* ancientIcon5@2x.png in Resources */,
				842C4E77198AE0D6003CE998 /* grayDivider.png in Resources */,
				84969EB019798C06002AFE7A /* Main.storyboard in Resources */,
			);
			runOnlyForDeploymentPostprocessing = 0;
		};
		84969EB819798C06002AFE7A /* Resources */ = {
			isa = PBXResourcesBuildPhase;
			buildActionMask = 2147483647;
			files = (
			);
			runOnlyForDeploymentPostprocessing = 0;
		};
/* End PBXResourcesBuildPhase section */

/* Begin PBXSourcesBuildPhase section */
		84969E9519798C06002AFE7A /* Sources */ = {
			isa = PBXSourcesBuildPhase;
			buildActionMask = 2147483647;
			files = (
				842C4D35198AD717003CE998 /* main.m in Sources */,
				84969EB319798C06002AFE7A /* ViewController.m in Sources */,
				849A2F2919881A230047F6D3 /* NullaAudipPlayer.m in Sources */,
				84D3B02419945D980089B4AD /* NSMutableArray+QueueMethods.m in Sources */,
				84D3B02D19945D980089B4AD /* TDAudioOutputStreamer.m in Sources */,
				8449F84F198AC50500F48583 /* IDScrollableTabBarItem.m in Sources */,
				84D3B02E19945D980089B4AD /* TDAudioStreamer.m in Sources */,
				84D3B02F19945D980089B4AD /* TDAudioStreamerConstants.m in Sources */,
				842C4D31198AD5EF003CE998 /* BeamMusicPlayerTransparentToolbar.m in Sources */,
				84D3B02919945D980089B4AD /* TDAudioQueueController.m in Sources */,
				84969EAD19798C06002AFE7A /* AppDelegate.m in Sources */,
				84D3B03019945D980089B4AD /* TDSession.m in Sources */,
				84D3B02B19945D980089B4AD /* TDAudioStream.m in Sources */,
				84D3B02619945D980089B4AD /* TDAudioQueue.m in Sources */,
				8449F84E198AC50500F48583 /* IDScrollableTabBar.m in Sources */,
				84D3B02A19945D980089B4AD /* TDAudioQueueFiller.m in Sources */,
				84D3B02519945D980089B4AD /* TDAudioFileStream.m in Sources */,
				84D3B02719945D980089B4AD /* TDAudioQueueBuffer.m in Sources */,
				84F6EF24198A1FA3000197D0 /* MySingleton.m in Sources */,
				8449F854198AC52500F48583 /* AutoScrollLabel.m in Sources */,
				843E905119A3F47A000ED017 /* BridgeController.m in Sources */,
				84D3B02819945D980089B4AD /* TDAudioQueueBufferManager.m in Sources */,
				8481795E197BDAE000144722 /* NLMediaViewController.m in Sources */,
				843E904B19A3AC2C000ED017 /* SearchViewController.m in Sources */,
				84D3B02C19945D980089B4AD /* TDAudioInputStreamer.m in Sources */,
			);
			runOnlyForDeploymentPostprocessing = 0;
		};
		84969EB619798C06002AFE7A /* Sources */ = {
			isa = PBXSourcesBuildPhase;
			buildActionMask = 2147483647;
			files = (
				84969EC819798C06002AFE7A /* NullaTests.m in Sources */,
			);
			runOnlyForDeploymentPostprocessing = 0;
		};
/* End PBXSourcesBuildPhase section */

/* Begin PBXTargetDependency section */
		84969EC019798C06002AFE7A /* PBXTargetDependency */ = {
			isa = PBXTargetDependency;
			target = 84969E9819798C06002AFE7A /* Nulla */;
			targetProxy = 84969EBF19798C06002AFE7A /* PBXContainerItemProxy */;
		};
/* End PBXTargetDependency section */

/* Begin PBXVariantGroup section */
		84969EA519798C06002AFE7A /* InfoPlist.strings */ = {
			isa = PBXVariantGroup;
			children = (
				84969EA619798C06002AFE7A /* en */,
			);
			name = InfoPlist.strings;
			sourceTree = "<group>";
		};
		84969EAE19798C06002AFE7A /* Main.storyboard */ = {
			isa = PBXVariantGroup;
			children = (
				84969EAF19798C06002AFE7A /* Base */,
			);
			name = Main.storyboard;
			sourceTree = "<group>";
		};
/* End PBXVariantGroup section */

/* Begin XCBuildConfiguration section */
		84969EC919798C06002AFE7A /* Debug */ = {
			isa = XCBuildConfiguration;
			buildSettings = {
				ALWAYS_SEARCH_USER_PATHS = NO;
				CLANG_CXX_LANGUAGE_STANDARD = "gnu++0x";
				CLANG_CXX_LIBRARY = "libc++";
				CLANG_ENABLE_MODULES = YES;
				CLANG_ENABLE_OBJC_ARC = YES;
				CLANG_WARN_BOOL_CONVERSION = YES;
				CLANG_WARN_CONSTANT_CONVERSION = YES;
				CLANG_WARN_DIRECT_OBJC_ISA_USAGE = YES_ERROR;
				CLANG_WARN_EMPTY_BODY = YES;
				CLANG_WARN_ENUM_CONVERSION = YES;
				CLANG_WARN_INT_CONVERSION = YES;
				CLANG_WARN_OBJC_ROOT_CLASS = YES_ERROR;
				CLANG_WARN__DUPLICATE_METHOD_MATCH = YES;
				"CODE_SIGN_IDENTITY[sdk=iphoneos*]" = "iPhone Developer";
				COPY_PHASE_STRIP = NO;
				GCC_C_LANGUAGE_STANDARD = gnu99;
				GCC_DYNAMIC_NO_PIC = NO;
				GCC_OPTIMIZATION_LEVEL = 0;
				GCC_PREPROCESSOR_DEFINITIONS = (
					"DEBUG=1",
					"$(inherited)",
				);
				GCC_SYMBOLS_PRIVATE_EXTERN = NO;
				GCC_WARN_64_TO_32_BIT_CONVERSION = YES;
				GCC_WARN_ABOUT_RETURN_TYPE = YES_ERROR;
				GCC_WARN_UNDECLARED_SELECTOR = YES;
				GCC_WARN_UNINITIALIZED_AUTOS = YES_AGGRESSIVE;
				GCC_WARN_UNUSED_FUNCTION = YES;
				GCC_WARN_UNUSED_VARIABLE = YES;
				IPHONEOS_DEPLOYMENT_TARGET = 7.1;
				ONLY_ACTIVE_ARCH = YES;
				SDKROOT = iphoneos;
			};
			name = Debug;
		};
		84969ECA19798C06002AFE7A /* Release */ = {
			isa = XCBuildConfiguration;
			buildSettings = {
				ALWAYS_SEARCH_USER_PATHS = NO;
				CLANG_CXX_LANGUAGE_STANDARD = "gnu++0x";
				CLANG_CXX_LIBRARY = "libc++";
				CLANG_ENABLE_MODULES = YES;
				CLANG_ENABLE_OBJC_ARC = YES;
				CLANG_WARN_BOOL_CONVERSION = YES;
				CLANG_WARN_CONSTANT_CONVERSION = YES;
				CLANG_WARN_DIRECT_OBJC_ISA_USAGE = YES_ERROR;
				CLANG_WARN_EMPTY_BODY = YES;
				CLANG_WARN_ENUM_CONVERSION = YES;
				CLANG_WARN_INT_CONVERSION = YES;
				CLANG_WARN_OBJC_ROOT_CLASS = YES_ERROR;
				CLANG_WARN__DUPLICATE_METHOD_MATCH = YES;
				"CODE_SIGN_IDENTITY[sdk=iphoneos*]" = "iPhone Developer";
				COPY_PHASE_STRIP = YES;
				ENABLE_NS_ASSERTIONS = NO;
				GCC_C_LANGUAGE_STANDARD = gnu99;
				GCC_WARN_64_TO_32_BIT_CONVERSION = YES;
				GCC_WARN_ABOUT_RETURN_TYPE = YES_ERROR;
				GCC_WARN_UNDECLARED_SELECTOR = YES;
				GCC_WARN_UNINITIALIZED_AUTOS = YES_AGGRESSIVE;
				GCC_WARN_UNUSED_FUNCTION = YES;
				GCC_WARN_UNUSED_VARIABLE = YES;
				IPHONEOS_DEPLOYMENT_TARGET = 7.1;
				SDKROOT = iphoneos;
				VALIDATE_PRODUCT = YES;
			};
			name = Release;
		};
		84969ECC19798C06002AFE7A /* Debug */ = {
			isa = XCBuildConfiguration;
			buildSettings = {
				ASSETCATALOG_COMPILER_APPICON_NAME = AppIcon;
				ASSETCATALOG_COMPILER_LAUNCHIMAGE_NAME = LaunchImage;
				CLANG_ENABLE_OBJC_ARC = YES;
				CODE_SIGN_IDENTITY = "iPhone Developer";
				"CODE_SIGN_IDENTITY[sdk=iphoneos*]" = "iPhone Developer";
				GCC_PRECOMPILE_PREFIX_HEADER = YES;
				GCC_PREFIX_HEADER = "Nulla/Nulla-Prefix.pch";
				INFOPLIST_FILE = "Nulla/Nulla-Info.plist";
				PRODUCT_NAME = "$(TARGET_NAME)";
				PROVISIONING_PROFILE = "";
				WRAPPER_EXTENSION = app;
			};
			name = Debug;
		};
		84969ECD19798C06002AFE7A /* Release */ = {
			isa = XCBuildConfiguration;
			buildSettings = {
				ASSETCATALOG_COMPILER_APPICON_NAME = AppIcon;
				ASSETCATALOG_COMPILER_LAUNCHIMAGE_NAME = LaunchImage;
				CLANG_ENABLE_OBJC_ARC = YES;
				CODE_SIGN_IDENTITY = "iPhone Developer";
				"CODE_SIGN_IDENTITY[sdk=iphoneos*]" = "iPhone Developer";
				GCC_PRECOMPILE_PREFIX_HEADER = YES;
				GCC_PREFIX_HEADER = "Nulla/Nulla-Prefix.pch";
				INFOPLIST_FILE = "Nulla/Nulla-Info.plist";
				PRODUCT_NAME = "$(TARGET_NAME)";
				PROVISIONING_PROFILE = "";
				WRAPPER_EXTENSION = app;
			};
			name = Release;
		};
		84969ECF19798C06002AFE7A /* Debug */ = {
			isa = XCBuildConfiguration;
			buildSettings = {
				BUNDLE_LOADER = "$(BUILT_PRODUCTS_DIR)/Nulla.app/Nulla";
				FRAMEWORK_SEARCH_PATHS = (
					"$(SDKROOT)/Developer/Library/Frameworks",
					"$(inherited)",
					"$(DEVELOPER_FRAMEWORKS_DIR)",
				);
				GCC_PRECOMPILE_PREFIX_HEADER = YES;
				GCC_PREFIX_HEADER = "Nulla/Nulla-Prefix.pch";
				GCC_PREPROCESSOR_DEFINITIONS = (
					"DEBUG=1",
					"$(inherited)",
				);
				INFOPLIST_FILE = "NullaTests/NullaTests-Info.plist";
				PRODUCT_NAME = "$(TARGET_NAME)";
				TEST_HOST = "$(BUNDLE_LOADER)";
				WRAPPER_EXTENSION = xctest;
			};
			name = Debug;
		};
		84969ED019798C06002AFE7A /* Release */ = {
			isa = XCBuildConfiguration;
			buildSettings = {
				BUNDLE_LOADER = "$(BUILT_PRODUCTS_DIR)/Nulla.app/Nulla";
				FRAMEWORK_SEARCH_PATHS = (
					"$(SDKROOT)/Developer/Library/Frameworks",
					"$(inherited)",
					"$(DEVELOPER_FRAMEWORKS_DIR)",
				);
				GCC_PRECOMPILE_PREFIX_HEADER = YES;
				GCC_PREFIX_HEADER = "Nulla/Nulla-Prefix.pch";
				INFOPLIST_FILE = "NullaTests/NullaTests-Info.plist";
				PRODUCT_NAME = "$(TARGET_NAME)";
				TEST_HOST = "$(BUNDLE_LOADER)";
				WRAPPER_EXTENSION = xctest;
			};
			name = Release;
		};
/* End XCBuildConfiguration section */

/* Begin XCConfigurationList section */
		84969E9419798C06002AFE7A /* Build configuration list for PBXProject "Nulla" */ = {
			isa = XCConfigurationList;
			buildConfigurations = (
				84969EC919798C06002AFE7A /* Debug */,
				84969ECA19798C06002AFE7A /* Release */,
			);
			defaultConfigurationIsVisible = 0;
			defaultConfigurationName = Release;
		};
		84969ECB19798C06002AFE7A /* Build configuration list for PBXNativeTarget "Nulla" */ = {
			isa = XCConfigurationList;
			buildConfigurations = (
				84969ECC19798C06002AFE7A /* Debug */,
				84969ECD19798C06002AFE7A /* Release */,
			);
			defaultConfigurationIsVisible = 0;
			defaultConfigurationName = Release;
		};
		84969ECE19798C06002AFE7A /* Build configuration list for PBXNativeTarget "NullaTests" */ = {
			isa = XCConfigurationList;
			buildConfigurations = (
				84969ECF19798C06002AFE7A /* Debug */,
				84969ED019798C06002AFE7A /* Release */,
			);
			defaultConfigurationIsVisible = 0;
			defaultConfigurationName = Release;
		};
/* End XCConfigurationList section */
	};
	rootObject = 84969E9119798C06002AFE7A /* Project object */;
}
